
Microsoft Visual Studio Solution File, Format Version 12.00
# Visual Studio Version 17
VisualStudioVersion = 17.3.32929.385
MinimumVisualStudioVersion = 10.0.40219.1
Project("{FAE04EC0-301F-11D3-BF4B-00C04F79EFBC}") = "carServiceApp", "carServiceApp\carServiceApp.csproj", "{C364AADE-BE02-4AC5-BD62-29FB204F3EC2}"
EndProject
Project("{2150E333-8FDC-42A3-9474-1A3956D46DE8}") = "carService", "carService", "{37BBD923-6E9E-4217-81AE-7F96AFFDFB19}"
EndProject
Global
	GlobalSection(SolutionConfigurationPlatforms) = preSolution
		Debug|Any CPU = Debug|Any CPU
		Release|Any CPU = Release|Any CPU
	EndGlobalSection
	GlobalSection(ProjectConfigurationPlatforms) = postSolution
		{C364AADE-BE02-4AC5-BD62-29FB204F3EC2}.Debug|Any CPU.ActiveCfg = Debug|Any CPU
		{C364AADE-BE02-4AC5-BD62-29FB204F3EC2}.Debug|Any CPU.Build.0 = Debug|Any CPU
		{C364AADE-BE02-4AC5-BD62-29FB204F3EC2}.Release|Any CPU.ActiveCfg = Release|Any CPU
		{C364AADE-BE02-4AC5-BD62-29FB204F3EC2}.Release|Any CPU.Build.0 = Release|Any CPU
	EndGlobalSection
	GlobalSection(SolutionProperties) = preSolution
		HideSolutionNode = FALSE
	EndGlobalSection
	GlobalSection(NestedProjects) = preSolution
		{C364AADE-BE02-4AC5-BD62-29FB204F3EC2} = {37BBD923-6E9E-4217-81AE-7F96AFFDFB19}
	EndGlobalSection
	GlobalSection(ExtensibilityGlobals) = postSolution
		SolutionGuid = {FA42DC23-9C91-4FBF-81F6-BE46A8D7235E}
	EndGlobalSection
EndGlobal
